// !$*UTF8*$!
{
	archiveVersion = 1;
	classes = {
	};
	objectVersion = 56;
	objects = {

/* Begin PBXBuildFile section */
		0A83C9E929A62348006090F0 /* ContactView.swift in Sources */ = {isa = PBXBuildFile; fileRef = 0A83C9E829A62348006090F0 /* ContactView.swift */; };
		0A83C9EB29A62418006090F0 /* HomePageView.swift in Sources */ = {isa = PBXBuildFile; fileRef = 0A83C9EA29A62418006090F0 /* HomePageView.swift */; };
		0A83C9ED29A625EF006090F0 /* WishesView.swift in Sources */ = {isa = PBXBuildFile; fileRef = 0A83C9EC29A625EF006090F0 /* WishesView.swift */; };
		0A83C9EF29A77915006090F0 /* TransformationView.swift in Sources */ = {isa = PBXBuildFile; fileRef = 0A83C9EE29A77915006090F0 /* TransformationView.swift */; };
		0AA28FF529A3847D007F0872 /* AladinApp.swift in Sources */ = {isa = PBXBuildFile; fileRef = 0AA28FF429A3847D007F0872 /* AladinApp.swift */; };
		0AA28FF929A3847F007F0872 /* Assets.xcassets in Resources */ = {isa = PBXBuildFile; fileRef = 0AA28FF829A3847F007F0872 /* Assets.xcassets */; };
		0AA28FFC29A3847F007F0872 /* Preview Assets.xcassets in Resources */ = {isa = PBXBuildFile; fileRef = 0AA28FFB29A3847F007F0872 /* Preview Assets.xcassets */; };
		0AA2900329A384A1007F0872 /* HomeView.swift in Sources */ = {isa = PBXBuildFile; fileRef = 0AA2900229A384A1007F0872 /* HomeView.swift */; };
/* End PBXBuildFile section */

/* Begin PBXFileReference section */
		0A83C9E829A62348006090F0 /* ContactView.swift */ = {isa = PBXFileReference; lastKnownFileType = sourcecode.swift; path = ContactView.swift; sourceTree = "<group>"; };
		0A83C9EA29A62418006090F0 /* HomePageView.swift */ = {isa = PBXFileReference; lastKnownFileType = sourcecode.swift; path = HomePageView.swift; sourceTree = "<group>"; };
		0A83C9EC29A625EF006090F0 /* WishesView.swift */ = {isa = PBXFileReference; lastKnownFileType = sourcecode.swift; path = WishesView.swift; sourceTree = "<group>"; };
		0A83C9EE29A77915006090F0 /* TransformationView.swift */ = {isa = PBXFileReference; lastKnownFileType = sourcecode.swift; path = TransformationView.swift; sourceTree = "<group>"; };
		0AA28FF129A3847D007F0872 /* Aladin.app */ = {isa = PBXFileReference; explicitFileType = wrapper.application; includeInIndex = 0; path = Aladin.app; sourceTree = BUILT_PRODUCTS_DIR; };
		0AA28FF429A3847D007F0872 /* AladinApp.swift */ = {isa = PBXFileReference; lastKnownFileType = sourcecode.swift; path = AladinApp.swift; sourceTree = "<group>"; };
		0AA28FF829A3847F007F0872 /* Assets.xcassets */ = {isa = PBXFileReference; lastKnownFileType = folder.assetcatalog; path = Assets.xcassets; sourceTree = "<group>"; };
		0AA28FFB29A3847F007F0872 /* Preview Assets.xcassets */ = {isa = PBXFileReference; lastKnownFileType = folder.assetcatalog; path = "Preview Assets.xcassets"; sourceTree = "<group>"; };
		0AA2900229A384A1007F0872 /* HomeView.swift */ = {isa = PBXFileReference; lastKnownFileType = sourcecode.swift; path = HomeView.swift; sourceTree = "<group>"; };
/* End PBXFileReference section */

/* Begin PBXFrameworksBuildPhase section */
		0AA28FEE29A3847D007F0872 /* Frameworks */ = {
			isa = PBXFrameworksBuildPhase;
			buildActionMask = 2147483647;
			files = (
			);
			runOnlyForDeploymentPostprocessing = 0;
		};
/* End PBXFrameworksBuildPhase section */

/* Begin PBXGroup section */
		0AA28FE829A3847D007F0872 = {
			isa = PBXGroup;
			children = (
				0AA28FF329A3847D007F0872 /* Aladin */,
				0AA28FF229A3847D007F0872 /* Products */,
			);
			sourceTree = "<group>";
		};
		0AA28FF229A3847D007F0872 /* Products */ = {
			isa = PBXGroup;
			children = (
				0AA28FF129A3847D007F0872 /* Aladin.app */,
			);
			name = Products;
			sourceTree = "<group>";
		};
		0AA28FF329A3847D007F0872 /* Aladin */ = {
			isa = PBXGroup;
			children = (
				0AA28FF429A3847D007F0872 /* AladinApp.swift */,
				0AA2900629A3865A007F0872 /* Views */,
				0AA28FF829A3847F007F0872 /* Assets.xcassets */,
				0AA28FFA29A3847F007F0872 /* Preview Content */,
			);
			path = Aladin;
			sourceTree = "<group>";
		};
		0AA28FFA29A3847F007F0872 /* Preview Content */ = {
			isa = PBXGroup;
			children = (
				0AA28FFB29A3847F007F0872 /* Preview Assets.xcassets */,
			);
			path = "Preview Content";
			sourceTree = "<group>";
		};
		0AA2900429A38604007F0872 /* MainView */ = {
			isa = PBXGroup;
			children = (
				0A83C9EA29A62418006090F0 /* HomePageView.swift */,
			);
			path = MainView;
			sourceTree = "<group>";
		};
		0AA2900529A38616007F0872 /* Components */ = {
			isa = PBXGroup;
			children = (
				0AA2900229A384A1007F0872 /* HomeView.swift */,
				0A83C9EC29A625EF006090F0 /* WishesView.swift */,
				0A83C9E829A62348006090F0 /* ContactView.swift */,
				0A83C9EE29A77915006090F0 /* TransformationView.swift */,
			);
			path = Components;
			sourceTree = "<group>";
		};
		0AA2900629A3865A007F0872 /* Views */ = {
			isa = PBXGroup;
			children = (
				0AA2900429A38604007F0872 /* MainView */,
				0AA2900529A38616007F0872 /* Components */,
			);
			path = Views;
			sourceTree = "<group>";
		};
/* End PBXGroup section */

/* Begin PBXNativeTarget section */
		0AA28FF029A3847D007F0872 /* Aladin */ = {
			isa = PBXNativeTarget;
			buildConfigurationList = 0AA28FFF29A3847F007F0872 /* Build configuration list for PBXNativeTarget "Aladin" */;
			buildPhases = (
				0AA28FED29A3847D007F0872 /* Sources */,
				0AA28FEE29A3847D007F0872 /* Frameworks */,
				0AA28FEF29A3847D007F0872 /* Resources */,
			);
			buildRules = (
			);
			dependencies = (
			);
			name = Aladin;
			productName = Aladin;
			productReference = 0AA28FF129A3847D007F0872 /* Aladin.app */;
			productType = "com.apple.product-type.application";
		};
/* End PBXNativeTarget section */

/* Begin PBXProject section */
		0AA28FE929A3847D007F0872 /* Project object */ = {
			isa = PBXProject;
			attributes = {
				BuildIndependentTargetsInParallel = 1;
				LastSwiftUpdateCheck = 1420;
				LastUpgradeCheck = 1420;
				TargetAttributes = {
					0AA28FF029A3847D007F0872 = {
						CreatedOnToolsVersion = 14.2;
					};
				};
			};
			buildConfigurationList = 0AA28FEC29A3847D007F0872 /* Build configuration list for PBXProject "Aladin" */;
			compatibilityVersion = "Xcode 14.0";
			developmentRegion = en;
			hasScannedForEncodings = 0;
			knownRegions = (
				en,
				Base,
			);
			mainGroup = 0AA28FE829A3847D007F0872;
			productRefGroup = 0AA28FF229A3847D007F0872 /* Products */;
			projectDirPath = "";
			projectRoot = "";
			targets = (
				0AA28FF029A3847D007F0872 /* Aladin */,
			);
		};
/* End PBXProject section */

/* Begin PBXResourcesBuildPhase section */
		0AA28FEF29A3847D007F0872 /* Resources */ = {
			isa = PBXResourcesBuildPhase;
			buildActionMask = 2147483647;
			files = (
				0AA28FFC29A3847F007F0872 /* Preview Assets.xcassets in Resources */,
				0AA28FF929A3847F007F0872 /* Assets.xcassets in Resources */,
			);
			runOnlyForDeploymentPostprocessing = 0;
		};
/* End PBXResourcesBuildPhase section */

/* Begin PBXSourcesBuildPhase section */
		0AA28FED29A3847D007F0872 /* Sources */ = {
			isa = PBXSourcesBuildPhase;
			buildActionMask = 2147483647;
			files = (
				0AA2900329A384A1007F0872 /* HomeView.swift in Sources */,
				0AA28FF529A3847D007F0872 /* AladinApp.swift in Sources */,
				0A83C9E929A62348006090F0 /* ContactView.swift in Sources */,
				0A83C9EF29A77915006090F0 /* TransformationView.swift in Sources */,
				0A83C9EB29A62418006090F0 /* HomePageView.swift in Sources */,
				0A83C9ED29A625EF006090F0 /* WishesView.swift in Sources */,
			);
			runOnlyForDeploymentPostprocessing = 0;
		};
/* End PBXSourcesBuildPhase section */

/* Begin XCBuildConfiguration section */
		0AA28FFD29A3847F007F0872 /* Debug */ = {
			isa = XCBuildConfiguration;
			buildSettings = {
				ALWAYS_SEARCH_USER_PATHS = NO;
				CLANG_ANALYZER_NONNULL = YES;
				CLANG_ANALYZER_NUMBER_OBJECT_CONVERSION = YES_AGGRESSIVE;
				CLANG_CXX_LANGUAGE_STANDARD = "gnu++20";
				CLANG_ENABLE_MODULES = YES;
				CLANG_ENABLE_OBJC_ARC = YES;
				CLANG_ENABLE_OBJC_WEAK = YES;
				CLANG_WARN_BLOCK_CAPTURE_AUTORELEASING = YES;
				CLANG_WARN_BOOL_CONVERSION = YES;
				CLANG_WARN_COMMA = YES;
				CLANG_WARN_CONSTANT_CONVERSION = YES;
				CLANG_WARN_DEPRECATED_OBJC_IMPLEMENTATIONS = YES;
				CLANG_WARN_DIRECT_OBJC_ISA_USAGE = YES_ERROR;
				CLANG_WARN_DOCUMENTATION_COMMENTS = YES;
				CLANG_WARN_EMPTY_BODY = YES;
				CLANG_WARN_ENUM_CONVERSION = YES;
				CLANG_WARN_INFINITE_RECURSION = YES;
				CLANG_WARN_INT_CONVERSION = YES;
				CLANG_WARN_NON_LITERAL_NULL_CONVERSION = YES;
				CLANG_WARN_OBJC_IMPLICIT_RETAIN_SELF = YES;
				CLANG_WARN_OBJC_LITERAL_CONVERSION = YES;
				CLANG_WARN_OBJC_ROOT_CLASS = YES_ERROR;
				CLANG_WARN_QUOTED_INCLUDE_IN_FRAMEWORK_HEADER = YES;
				CLANG_WARN_RANGE_LOOP_ANALYSIS = YES;
				CLANG_WARN_STRICT_PROTOTYPES = YES;
				CLANG_WARN_SUSPICIOUS_MOVE = YES;
				CLANG_WARN_UNGUARDED_AVAILABILITY = YES_AGGRESSIVE;
				CLANG_WARN_UNREACHABLE_CODE = YES;
				CLANG_WARN__DUPLICATE_METHOD_MATCH = YES;
				COPY_PHASE_STRIP = NO;
				DEBUG_INFORMATION_FORMAT = dwarf;
				ENABLE_STRICT_OBJC_MSGSEND = YES;
				ENABLE_TESTABILITY = YES;
				GCC_C_LANGUAGE_STANDARD = gnu11;
				GCC_DYNAMIC_NO_PIC = NO;
				GCC_NO_COMMON_BLOCKS = YES;
				GCC_OPTIMIZATION_LEVEL = 0;
				GCC_PREPROCESSOR_DEFINITIONS = (
					"DEBUG=1",
					"$(inherited)",
				);
				GCC_WARN_64_TO_32_BIT_CONVERSION = YES;
				GCC_WARN_ABOUT_RETURN_TYPE = YES_ERROR;
				GCC_WARN_UNDECLARED_SELECTOR = YES;
				GCC_WARN_UNINITIALIZED_AUTOS = YES_AGGRESSIVE;
				GCC_WARN_UNUSED_FUNCTION = YES;
				GCC_WARN_UNUSED_VARIABLE = YES;
				IPHONEOS_DEPLOYMENT_TARGET = 16.2;
				MTL_ENABLE_DEBUG_INFO = INCLUDE_SOURCE;
				MTL_FAST_MATH = YES;
				ONLY_ACTIVE_ARCH = YES;
				SDKROOT = iphoneos;
				SWIFT_ACTIVE_COMPILATION_CONDITIONS = DEBUG;
				SWIFT_OPTIMIZATION_LEVEL = "-Onone";
			};
			name = Debug;
		};
		0AA28FFE29A3847F007F0872 /* Release */ = {
			isa = XCBuildConfiguration;
			buildSettings = {
				ALWAYS_SEARCH_USER_PATHS = NO;
				CLANG_ANALYZER_NONNULL = YES;
				CLANG_ANALYZER_NUMBER_OBJECT_CONVERSION = YES_AGGRESSIVE;
				CLANG_CXX_LANGUAGE_STANDARD = "gnu++20";
				CLANG_ENABLE_MODULES = YES;
				CLANG_ENABLE_OBJC_ARC = YES;
				CLANG_ENABLE_OBJC_WEAK = YES;
				CLANG_WARN_BLOCK_CAPTURE_AUTORELEASING = YES;
				CLANG_WARN_BOOL_CONVERSION = YES;
				CLANG_WARN_COMMA = YES;
				CLANG_WARN_CONSTANT_CONVERSION = YES;
				CLANG_WARN_DEPRECATED_OBJC_IMPLEMENTATIONS = YES;
				CLANG_WARN_DIRECT_OBJC_ISA_USAGE = YES_ERROR;
				CLANG_WARN_DOCUMENTATION_COMMENTS = YES;
				CLANG_WARN_EMPTY_BODY = YES;
				CLANG_WARN_ENUM_CONVERSION = YES;
				CLANG_WARN_INFINITE_RECURSION = YES;
				CLANG_WARN_INT_CONVERSION = YES;
				CLANG_WARN_NON_LITERAL_NULL_CONVERSION = YES;
				CLANG_WARN_OBJC_IMPLICIT_RETAIN_SELF = YES;
				CLANG_WARN_OBJC_LITERAL_CONVERSION = YES;
				CLANG_WARN_OBJC_ROOT_CLASS = YES_ERROR;
				CLANG_WARN_QUOTED_INCLUDE_IN_FRAMEWORK_HEADER = YES;
				CLANG_WARN_RANGE_LOOP_ANALYSIS = YES;
				CLANG_WARN_STRICT_PROTOTYPES = YES;
				CLANG_WARN_SUSPICIOUS_MOVE = YES;
				CLANG_WARN_UNGUARDED_AVAILABILITY = YES_AGGRESSIVE;
				CLANG_WARN_UNREACHABLE_CODE = YES;
				CLANG_WARN__DUPLICATE_METHOD_MATCH = YES;
				COPY_PHASE_STRIP = NO;
				DEBUG_INFORMATION_FORMAT = "dwarf-with-dsym";
				ENABLE_NS_ASSERTIONS = NO;
				ENABLE_STRICT_OBJC_MSGSEND = YES;
				GCC_C_LANGUAGE_STANDARD = gnu11;
				GCC_NO_COMMON_BLOCKS = YES;
				GCC_WARN_64_TO_32_BIT_CONVERSION = YES;
				GCC_WARN_ABOUT_RETURN_TYPE = YES_ERROR;
				GCC_WARN_UNDECLARED_SELECTOR = YES;
				GCC_WARN_UNINITIALIZED_AUTOS = YES_AGGRESSIVE;
				GCC_WARN_UNUSED_FUNCTION = YES;
				GCC_WARN_UNUSED_VARIABLE = YES;
				IPHONEOS_DEPLOYMENT_TARGET = 16.2;
				MTL_ENABLE_DEBUG_INFO = NO;
				MTL_FAST_MATH = YES;
				SDKROOT = iphoneos;
				SWIFT_COMPILATION_MODE = wholemodule;
				SWIFT_OPTIMIZATION_LEVEL = "-O";
				VALIDATE_PRODUCT = YES;
			};
			name = Release;
		};
		0AA2900029A3847F007F0872 /* Debug */ = {
			isa = XCBuildConfiguration;
			buildSettings = {
				ASSETCATALOG_COMPILER_APPICON_NAME = AppIcon;
				ASSETCATALOG_COMPILER_GLOBAL_ACCENT_COLOR_NAME = AccentColor;
				CODE_SIGN_STYLE = Automatic;
				CURRENT_PROJECT_VERSION = 1;
				DEVELOPMENT_ASSET_PATHS = "\"Aladin/Preview Content\"";
				DEVELOPMENT_TEAM = 5L6U43CM7C;
				ENABLE_PREVIEWS = YES;
				GENERATE_INFOPLIST_FILE = YES;
				INFOPLIST_KEY_UIApplicationSceneManifest_Generation = YES;
				INFOPLIST_KEY_UIApplicationSupportsIndirectInputEvents = YES;
				INFOPLIST_KEY_UILaunchScreen_Generation = YES;
				INFOPLIST_KEY_UISupportedInterfaceOrientations_iPad = "UIInterfaceOrientationPortrait UIInterfaceOrientationPortraitUpsideDown UIInterfaceOrientationLandscapeLeft UIInterfaceOrientationLandscapeRight";
				INFOPLIST_KEY_UISupportedInterfaceOrientations_iPhone = "UIInterfaceOrientationPortrait UIInterfaceOrientationLandscapeLeft UIInterfaceOrientationLandscapeRight";
				LD_RUNPATH_SEARCH_PATHS = (
					"$(inherited)",
					"@executable_path/Frameworks",
				);
				MARKETING_VERSION = 1.0;
				PRODUCT_BUNDLE_IDENTIFIER = com.kevinmassol.Aladin;
				PRODUCT_NAME = "$(TARGET_NAME)";
				SWIFT_EMIT_LOC_STRINGS = YES;
				SWIFT_VERSION = 5.0;
				TARGETED_DEVICE_FAMILY = "1,2";
			};
			name = Debug;
		};
		0AA2900129A3847F007F0872 /* Release */ = {
			isa = XCBuildConfiguration;
			buildSettings = {
				ASSETCATALOG_COMPILER_APPICON_NAME = AppIcon;
				ASSETCATALOG_COMPILER_GLOBAL_ACCENT_COLOR_NAME = AccentColor;
				CODE_SIGN_STYLE = Automatic;
				CURRENT_PROJECT_VERSION = 1;
				DEVELOPMENT_ASSET_PATHS = "\"Aladin/Preview Content\"";
				DEVELOPMENT_TEAM = 5L6U43CM7C;
				ENABLE_PREVIEWS = YES;
				GENERATE_INFOPLIST_FILE = YES;
				INFOPLIST_KEY_UIApplicationSceneManifest_Generation = YES;
				INFOPLIST_KEY_UIApplicationSupportsIndirectInputEvents = YES;
				INFOPLIST_KEY_UILaunchScreen_Generation = YES;
				INFOPLIST_KEY_UISupportedInterfaceOrientations_iPad = "UIInterfaceOrientationPortrait UIInterfaceOrientationPortraitUpsideDown UIInterfaceOrientationLandscapeLeft UIInterfaceOrientationLandscapeRight";
				INFOPLIST_KEY_UISupportedInterfaceOrientations_iPhone = "UIInterfaceOrientationPortrait UIInterfaceOrientationLandscapeLeft UIInterfaceOrientationLandscapeRight";
				LD_RUNPATH_SEARCH_PATHS = (
					"$(inherited)",
					"@executable_path/Frameworks",
				);
				MARKETING_VERSION = 1.0;
				PRODUCT_BUNDLE_IDENTIFIER = com.kevinmassol.Aladin;
				PRODUCT_NAME = "$(TARGET_NAME)";
				SWIFT_EMIT_LOC_STRINGS = YES;
				SWIFT_VERSION = 5.0;
				TARGETED_DEVICE_FAMILY = "1,2";
			};
			name = Release;
		};
/* End XCBuildConfiguration section */

/* Begin XCConfigurationList section */
		0AA28FEC29A3847D007F0872 /* Build configuration list for PBXProject "Aladin" */ = {
			isa = XCConfigurationList;
			buildConfigurations = (
				0AA28FFD29A3847F007F0872 /* Debug */,
				0AA28FFE29A3847F007F0872 /* Release */,
			);
			defaultConfigurationIsVisible = 0;
			defaultConfigurationName = Release;
		};
		0AA28FFF29A3847F007F0872 /* Build configuration list for PBXNativeTarget "Aladin" */ = {
			isa = XCConfigurationList;
			buildConfigurations = (
				0AA2900029A3847F007F0872 /* Debug */,
				0AA2900129A3847F007F0872 /* Release */,
			);
			defaultConfigurationIsVisible = 0;
			defaultConfigurationName = Release;
		};
/* End XCConfigurationList section */
	};
	rootObject = 0AA28FE929A3847D007F0872 /* Project object */;
}
